
Microsoft Visual Studio Solution File, Format Version 12.00
# Visual Studio Version 17
VisualStudioVersion = 17.4.33205.214
MinimumVisualStudioVersion = 10.0.40219.1
Project("{FAE04EC0-301F-11D3-BF4B-00C04F79EFBC}") = "CoreAPIUserAdd", "CoreAPIUserAdd\CoreAPIUserAdd.csproj", "{F6CE31CB-D5F2-4238-A67F-9393C9A1F713}"
EndProject
Global
	GlobalSection(SolutionConfigurationPlatforms) = preSolution
		Debug|Any CPU = Debug|Any CPU
		Release|Any CPU = Release|Any CPU
	EndGlobalSection
	GlobalSection(ProjectConfigurationPlatforms) = postSolution
		{F6CE31CB-D5F2-4238-A67F-9393C9A1F713}.Debug|Any CPU.ActiveCfg = Debug|Any CPU
		{F6CE31CB-D5F2-4238-A67F-9393C9A1F713}.Debug|Any CPU.Build.0 = Debug|Any CPU
		{F6CE31CB-D5F2-4238-A67F-9393C9A1F713}.Release|Any CPU.ActiveCfg = Release|Any CPU
		{F6CE31CB-D5F2-4238-A67F-9393C9A1F713}.Release|Any CPU.Build.0 = Release|Any CPU
	EndGlobalSection
	GlobalSection(SolutionProperties) = preSolution
		HideSolutionNode = FALSE
	EndGlobalSection
	GlobalSection(ExtensibilityGlobals) = postSolution
		SolutionGuid = {8F322923-BA25-48D7-85F2-33D03F442EA7}
	EndGlobalSection
EndGlobal
